// !$*UTF8*$!
{
	archiveVersion = 1;
	classes = {
	};
	objectVersion = 56;
	objects = {

/* Begin PBXBuildFile section */
		AA19A4F229D7B48200072594 /* MVVMTutorial2App.swift in Sources */ = {isa = PBXBuildFile; fileRef = AA19A4F129D7B48200072594 /* MVVMTutorial2App.swift */; };
		AA19A4F429D7B48200072594 /* PeopleView.swift in Sources */ = {isa = PBXBuildFile; fileRef = AA19A4F329D7B48200072594 /* PeopleView.swift */; };
		AA19A4F629D7B48300072594 /* Assets.xcassets in Resources */ = {isa = PBXBuildFile; fileRef = AA19A4F529D7B48300072594 /* Assets.xcassets */; };
		AA19A4F929D7B48300072594 /* Preview Assets.xcassets in Resources */ = {isa = PBXBuildFile; fileRef = AA19A4F829D7B48300072594 /* Preview Assets.xcassets */; };
		AA19A50329D7B48300072594 /* MVVMTutorial2Tests.swift in Sources */ = {isa = PBXBuildFile; fileRef = AA19A50229D7B48300072594 /* MVVMTutorial2Tests.swift */; };
		AA19A50D29D7B48300072594 /* MVVMTutorial2UITests.swift in Sources */ = {isa = PBXBuildFile; fileRef = AA19A50C29D7B48300072594 /* MVVMTutorial2UITests.swift */; };
		AA19A50F29D7B48300072594 /* MVVMTutorial2UITestsLaunchTests.swift in Sources */ = {isa = PBXBuildFile; fileRef = AA19A50E29D7B48300072594 /* MVVMTutorial2UITestsLaunchTests.swift */; };
		AA19A51C29D7B4F000072594 /* Person.swift in Sources */ = {isa = PBXBuildFile; fileRef = AA19A51B29D7B4F000072594 /* Person.swift */; };
		AA19A51E29D7B52700072594 /* PersonViewModel.swift in Sources */ = {isa = PBXBuildFile; fileRef = AA19A51D29D7B52700072594 /* PersonViewModel.swift */; };
		AA19A52029D7B57B00072594 /* LoginView.swift in Sources */ = {isa = PBXBuildFile; fileRef = AA19A51F29D7B57B00072594 /* LoginView.swift */; };
/* End PBXBuildFile section */

/* Begin PBXContainerItemProxy section */
		AA19A4FF29D7B48300072594 /* PBXContainerItemProxy */ = {
			isa = PBXContainerItemProxy;
			containerPortal = AA19A4E629D7B48200072594 /* Project object */;
			proxyType = 1;
			remoteGlobalIDString = AA19A4ED29D7B48200072594;
			remoteInfo = MVVMTutorial2;
		};
		AA19A50929D7B48300072594 /* PBXContainerItemProxy */ = {
			isa = PBXContainerItemProxy;
			containerPortal = AA19A4E629D7B48200072594 /* Project object */;
			proxyType = 1;
			remoteGlobalIDString = AA19A4ED29D7B48200072594;
			remoteInfo = MVVMTutorial2;
		};
/* End PBXContainerItemProxy section */

/* Begin PBXFileReference section */
		AA19A4EE29D7B48200072594 /* MVVMTutorial2.app */ = {isa = PBXFileReference; explicitFileType = wrapper.application; includeInIndex = 0; path = MVVMTutorial2.app; sourceTree = BUILT_PRODUCTS_DIR; };
		AA19A4F129D7B48200072594 /* MVVMTutorial2App.swift */ = {isa = PBXFileReference; lastKnownFileType = sourcecode.swift; path = MVVMTutorial2App.swift; sourceTree = "<group>"; };
		AA19A4F329D7B48200072594 /* PeopleView.swift */ = {isa = PBXFileReference; lastKnownFileType = sourcecode.swift; path = PeopleView.swift; sourceTree = "<group>"; };
		AA19A4F529D7B48300072594 /* Assets.xcassets */ = {isa = PBXFileReference; lastKnownFileType = folder.assetcatalog; path = Assets.xcassets; sourceTree = "<group>"; };
		AA19A4F829D7B48300072594 /* Preview Assets.xcassets */ = {isa = PBXFileReference; lastKnownFileType = folder.assetcatalog; path = "Preview Assets.xcassets"; sourceTree = "<group>"; };
		AA19A4FE29D7B48300072594 /* MVVMTutorial2Tests.xctest */ = {isa = PBXFileReference; explicitFileType = wrapper.cfbundle; includeInIndex = 0; path = MVVMTutorial2Tests.xctest; sourceTree = BUILT_PRODUCTS_DIR; };
		AA19A50229D7B48300072594 /* MVVMTutorial2Tests.swift */ = {isa = PBXFileReference; lastKnownFileType = sourcecode.swift; path = MVVMTutorial2Tests.swift; sourceTree = "<group>"; };
		AA19A50829D7B48300072594 /* MVVMTutorial2UITests.xctest */ = {isa = PBXFileReference; explicitFileType = wrapper.cfbundle; includeInIndex = 0; path = MVVMTutorial2UITests.xctest; sourceTree = BUILT_PRODUCTS_DIR; };
		AA19A50C29D7B48300072594 /* MVVMTutorial2UITests.swift */ = {isa = PBXFileReference; lastKnownFileType = sourcecode.swift; path = MVVMTutorial2UITests.swift; sourceTree = "<group>"; };
		AA19A50E29D7B48300072594 /* MVVMTutorial2UITestsLaunchTests.swift */ = {isa = PBXFileReference; lastKnownFileType = sourcecode.swift; path = MVVMTutorial2UITestsLaunchTests.swift; sourceTree = "<group>"; };
		AA19A51B29D7B4F000072594 /* Person.swift */ = {isa = PBXFileReference; lastKnownFileType = sourcecode.swift; path = Person.swift; sourceTree = "<group>"; };
		AA19A51D29D7B52700072594 /* PersonViewModel.swift */ = {isa = PBXFileReference; lastKnownFileType = sourcecode.swift; path = PersonViewModel.swift; sourceTree = "<group>"; };
		AA19A51F29D7B57B00072594 /* LoginView.swift */ = {isa = PBXFileReference; lastKnownFileType = sourcecode.swift; path = LoginView.swift; sourceTree = "<group>"; };
/* End PBXFileReference section */

/* Begin PBXFrameworksBuildPhase section */
		AA19A4EB29D7B48200072594 /* Frameworks */ = {
			isa = PBXFrameworksBuildPhase;
			buildActionMask = 2147483647;
			files = (
			);
			runOnlyForDeploymentPostprocessing = 0;
		};
		AA19A4FB29D7B48300072594 /* Frameworks */ = {
			isa = PBXFrameworksBuildPhase;
			buildActionMask = 2147483647;
			files = (
			);
			runOnlyForDeploymentPostprocessing = 0;
		};
		AA19A50529D7B48300072594 /* Frameworks */ = {
			isa = PBXFrameworksBuildPhase;
			buildActionMask = 2147483647;
			files = (
			);
			runOnlyForDeploymentPostprocessing = 0;
		};
/* End PBXFrameworksBuildPhase section */

/* Begin PBXGroup section */
		AA19A4E529D7B48200072594 = {
			isa = PBXGroup;
			children = (
				AA19A4F029D7B48200072594 /* MVVMTutorial2 */,
				AA19A50129D7B48300072594 /* MVVMTutorial2Tests */,
				AA19A50B29D7B48300072594 /* MVVMTutorial2UITests */,
				AA19A4EF29D7B48200072594 /* Products */,
			);
			sourceTree = "<group>";
		};
		AA19A4EF29D7B48200072594 /* Products */ = {
			isa = PBXGroup;
			children = (
				AA19A4EE29D7B48200072594 /* MVVMTutorial2.app */,
				AA19A4FE29D7B48300072594 /* MVVMTutorial2Tests.xctest */,
				AA19A50829D7B48300072594 /* MVVMTutorial2UITests.xctest */,
			);
			name = Products;
			sourceTree = "<group>";
		};
		AA19A4F029D7B48200072594 /* MVVMTutorial2 */ = {
			isa = PBXGroup;
			children = (
				AA19A51F29D7B57B00072594 /* LoginView.swift */,
				AA19A4F129D7B48200072594 /* MVVMTutorial2App.swift */,
				AA19A51D29D7B52700072594 /* PersonViewModel.swift */,
				AA19A51B29D7B4F000072594 /* Person.swift */,
				AA19A4F329D7B48200072594 /* PeopleView.swift */,
				AA19A4F529D7B48300072594 /* Assets.xcassets */,
				AA19A4F729D7B48300072594 /* Preview Content */,
			);
			path = MVVMTutorial2;
			sourceTree = "<group>";
		};
		AA19A4F729D7B48300072594 /* Preview Content */ = {
			isa = PBXGroup;
			children = (
				AA19A4F829D7B48300072594 /* Preview Assets.xcassets */,
			);
			path = "Preview Content";
			sourceTree = "<group>";
		};
		AA19A50129D7B48300072594 /* MVVMTutorial2Tests */ = {
			isa = PBXGroup;
			children = (
				AA19A50229D7B48300072594 /* MVVMTutorial2Tests.swift */,
			);
			path = MVVMTutorial2Tests;
			sourceTree = "<group>";
		};
		AA19A50B29D7B48300072594 /* MVVMTutorial2UITests */ = {
			isa = PBXGroup;
			children = (
				AA19A50C29D7B48300072594 /* MVVMTutorial2UITests.swift */,
				AA19A50E29D7B48300072594 /* MVVMTutorial2UITestsLaunchTests.swift */,
			);
			path = MVVMTutorial2UITests;
			sourceTree = "<group>";
		};
/* End PBXGroup section */

/* Begin PBXNativeTarget section */
		AA19A4ED29D7B48200072594 /* MVVMTutorial2 */ = {
			isa = PBXNativeTarget;
			buildConfigurationList = AA19A51229D7B48300072594 /* Build configuration list for PBXNativeTarget "MVVMTutorial2" */;
			buildPhases = (
				AA19A4EA29D7B48200072594 /* Sources */,
				AA19A4EB29D7B48200072594 /* Frameworks */,
				AA19A4EC29D7B48200072594 /* Resources */,
			);
			buildRules = (
			);
			dependencies = (
			);
			name = MVVMTutorial2;
			productName = MVVMTutorial2;
			productReference = AA19A4EE29D7B48200072594 /* MVVMTutorial2.app */;
			productType = "com.apple.product-type.application";
		};
		AA19A4FD29D7B48300072594 /* MVVMTutorial2Tests */ = {
			isa = PBXNativeTarget;
			buildConfigurationList = AA19A51529D7B48300072594 /* Build configuration list for PBXNativeTarget "MVVMTutorial2Tests" */;
			buildPhases = (
				AA19A4FA29D7B48300072594 /* Sources */,
				AA19A4FB29D7B48300072594 /* Frameworks */,
				AA19A4FC29D7B48300072594 /* Resources */,
			);
			buildRules = (
			);
			dependencies = (
				AA19A50029D7B48300072594 /* PBXTargetDependency */,
			);
			name = MVVMTutorial2Tests;
			productName = MVVMTutorial2Tests;
			productReference = AA19A4FE29D7B48300072594 /* MVVMTutorial2Tests.xctest */;
			productType = "com.apple.product-type.bundle.unit-test";
		};
		AA19A50729D7B48300072594 /* MVVMTutorial2UITests */ = {
			isa = PBXNativeTarget;
			buildConfigurationList = AA19A51829D7B48300072594 /* Build configuration list for PBXNativeTarget "MVVMTutorial2UITests" */;
			buildPhases = (
				AA19A50429D7B48300072594 /* Sources */,
				AA19A50529D7B48300072594 /* Frameworks */,
				AA19A50629D7B48300072594 /* Resources */,
			);
			buildRules = (
			);
			dependencies = (
				AA19A50A29D7B48300072594 /* PBXTargetDependency */,
			);
			name = MVVMTutorial2UITests;
			productName = MVVMTutorial2UITests;
			productReference = AA19A50829D7B48300072594 /* MVVMTutorial2UITests.xctest */;
			productType = "com.apple.product-type.bundle.ui-testing";
		};
/* End PBXNativeTarget section */

/* Begin PBXProject section */
		AA19A4E629D7B48200072594 /* Project object */ = {
			isa = PBXProject;
			attributes = {
				BuildIndependentTargetsInParallel = 1;
				LastSwiftUpdateCheck = 1420;
				LastUpgradeCheck = 1420;
				TargetAttributes = {
					AA19A4ED29D7B48200072594 = {
						CreatedOnToolsVersion = 14.2;
					};
					AA19A4FD29D7B48300072594 = {
						CreatedOnToolsVersion = 14.2;
						TestTargetID = AA19A4ED29D7B48200072594;
					};
					AA19A50729D7B48300072594 = {
						CreatedOnToolsVersion = 14.2;
						TestTargetID = AA19A4ED29D7B48200072594;
					};
				};
			};
			buildConfigurationList = AA19A4E929D7B48200072594 /* Build configuration list for PBXProject "MVVMTutorial2" */;
			compatibilityVersion = "Xcode 14.0";
			developmentRegion = en;
			hasScannedForEncodings = 0;
			knownRegions = (
				en,
				Base,
			);
			mainGroup = AA19A4E529D7B48200072594;
			productRefGroup = AA19A4EF29D7B48200072594 /* Products */;
			projectDirPath = "";
			projectRoot = "";
			targets = (
				AA19A4ED29D7B48200072594 /* MVVMTutorial2 */,
				AA19A4FD29D7B48300072594 /* MVVMTutorial2Tests */,
				AA19A50729D7B48300072594 /* MVVMTutorial2UITests */,
			);
		};
/* End PBXProject section */

/* Begin PBXResourcesBuildPhase section */
		AA19A4EC29D7B48200072594 /* Resources */ = {
			isa = PBXResourcesBuildPhase;
			buildActionMask = 2147483647;
			files = (
				AA19A4F929D7B48300072594 /* Preview Assets.xcassets in Resources */,
				AA19A4F629D7B48300072594 /* Assets.xcassets in Resources */,
			);
			runOnlyForDeploymentPostprocessing = 0;
		};
		AA19A4FC29D7B48300072594 /* Resources */ = {
			isa = PBXResourcesBuildPhase;
			buildActionMask = 2147483647;
			files = (
			);
			runOnlyForDeploymentPostprocessing = 0;
		};
		AA19A50629D7B48300072594 /* Resources */ = {
			isa = PBXResourcesBuildPhase;
			buildActionMask = 2147483647;
			files = (
			);
			runOnlyForDeploymentPostprocessing = 0;
		};
/* End PBXResourcesBuildPhase section */

/* Begin PBXSourcesBuildPhase section */
		AA19A4EA29D7B48200072594 /* Sources */ = {
			isa = PBXSourcesBuildPhase;
			buildActionMask = 2147483647;
			files = (
				AA19A51C29D7B4F000072594 /* Person.swift in Sources */,
				AA19A4F429D7B48200072594 /* PeopleView.swift in Sources */,
				AA19A4F229D7B48200072594 /* MVVMTutorial2App.swift in Sources */,
				AA19A52029D7B57B00072594 /* LoginView.swift in Sources */,
				AA19A51E29D7B52700072594 /* PersonViewModel.swift in Sources */,
			);
			runOnlyForDeploymentPostprocessing = 0;
		};
		AA19A4FA29D7B48300072594 /* Sources */ = {
			isa = PBXSourcesBuildPhase;
			buildActionMask = 2147483647;
			files = (
				AA19A50329D7B48300072594 /* MVVMTutorial2Tests.swift in Sources */,
			);
			runOnlyForDeploymentPostprocessing = 0;
		};
		AA19A50429D7B48300072594 /* Sources */ = {
			isa = PBXSourcesBuildPhase;
			buildActionMask = 2147483647;
			files = (
				AA19A50D29D7B48300072594 /* MVVMTutorial2UITests.swift in Sources */,
				AA19A50F29D7B48300072594 /* MVVMTutorial2UITestsLaunchTests.swift in Sources */,
			);
			runOnlyForDeploymentPostprocessing = 0;
		};
/* End PBXSourcesBuildPhase section */

/* Begin PBXTargetDependency section */
		AA19A50029D7B48300072594 /* PBXTargetDependency */ = {
			isa = PBXTargetDependency;
			target = AA19A4ED29D7B48200072594 /* MVVMTutorial2 */;
			targetProxy = AA19A4FF29D7B48300072594 /* PBXContainerItemProxy */;
		};
		AA19A50A29D7B48300072594 /* PBXTargetDependency */ = {
			isa = PBXTargetDependency;
			target = AA19A4ED29D7B48200072594 /* MVVMTutorial2 */;
			targetProxy = AA19A50929D7B48300072594 /* PBXContainerItemProxy */;
		};
/* End PBXTargetDependency section */

/* Begin XCBuildConfiguration section */
		AA19A51029D7B48300072594 /* Debug */ = {
			isa = XCBuildConfiguration;
			buildSettings = {
				ALWAYS_SEARCH_USER_PATHS = NO;
				CLANG_ANALYZER_NONNULL = YES;
				CLANG_ANALYZER_NUMBER_OBJECT_CONVERSION = YES_AGGRESSIVE;
				CLANG_CXX_LANGUAGE_STANDARD = "gnu++20";
				CLANG_ENABLE_MODULES = YES;
				CLANG_ENABLE_OBJC_ARC = YES;
				CLANG_ENABLE_OBJC_WEAK = YES;
				CLANG_WARN_BLOCK_CAPTURE_AUTORELEASING = YES;
				CLANG_WARN_BOOL_CONVERSION = YES;
				CLANG_WARN_COMMA = YES;
				CLANG_WARN_CONSTANT_CONVERSION = YES;
				CLANG_WARN_DEPRECATED_OBJC_IMPLEMENTATIONS = YES;
				CLANG_WARN_DIRECT_OBJC_ISA_USAGE = YES_ERROR;
				CLANG_WARN_DOCUMENTATION_COMMENTS = YES;
				CLANG_WARN_EMPTY_BODY = YES;
				CLANG_WARN_ENUM_CONVERSION = YES;
				CLANG_WARN_INFINITE_RECURSION = YES;
				CLANG_WARN_INT_CONVERSION = YES;
				CLANG_WARN_NON_LITERAL_NULL_CONVERSION = YES;
				CLANG_WARN_OBJC_IMPLICIT_RETAIN_SELF = YES;
				CLANG_WARN_OBJC_LITERAL_CONVERSION = YES;
				CLANG_WARN_OBJC_ROOT_CLASS = YES_ERROR;
				CLANG_WARN_QUOTED_INCLUDE_IN_FRAMEWORK_HEADER = YES;
				CLANG_WARN_RANGE_LOOP_ANALYSIS = YES;
				CLANG_WARN_STRICT_PROTOTYPES = YES;
				CLANG_WARN_SUSPICIOUS_MOVE = YES;
				CLANG_WARN_UNGUARDED_AVAILABILITY = YES_AGGRESSIVE;
				CLANG_WARN_UNREACHABLE_CODE = YES;
				CLANG_WARN__DUPLICATE_METHOD_MATCH = YES;
				COPY_PHASE_STRIP = NO;
				DEBUG_INFORMATION_FORMAT = dwarf;
				ENABLE_STRICT_OBJC_MSGSEND = YES;
				ENABLE_TESTABILITY = YES;
				GCC_C_LANGUAGE_STANDARD = gnu11;
				GCC_DYNAMIC_NO_PIC = NO;
				GCC_NO_COMMON_BLOCKS = YES;
				GCC_OPTIMIZATION_LEVEL = 0;
				GCC_PREPROCESSOR_DEFINITIONS = (
					"DEBUG=1",
					"$(inherited)",
				);
				GCC_WARN_64_TO_32_BIT_CONVERSION = YES;
				GCC_WARN_ABOUT_RETURN_TYPE = YES_ERROR;
				GCC_WARN_UNDECLARED_SELECTOR = YES;
				GCC_WARN_UNINITIALIZED_AUTOS = YES_AGGRESSIVE;
				GCC_WARN_UNUSED_FUNCTION = YES;
				GCC_WARN_UNUSED_VARIABLE = YES;
				IPHONEOS_DEPLOYMENT_TARGET = 16.2;
				MTL_ENABLE_DEBUG_INFO = INCLUDE_SOURCE;
				MTL_FAST_MATH = YES;
				ONLY_ACTIVE_ARCH = YES;
				SDKROOT = iphoneos;
				SWIFT_ACTIVE_COMPILATION_CONDITIONS = DEBUG;
				SWIFT_OPTIMIZATION_LEVEL = "-Onone";
			};
			name = Debug;
		};
		AA19A51129D7B48300072594 /* Release */ = {
			isa = XCBuildConfiguration;
			buildSettings = {
				ALWAYS_SEARCH_USER_PATHS = NO;
				CLANG_ANALYZER_NONNULL = YES;
				CLANG_ANALYZER_NUMBER_OBJECT_CONVERSION = YES_AGGRESSIVE;
				CLANG_CXX_LANGUAGE_STANDARD = "gnu++20";
				CLANG_ENABLE_MODULES = YES;
				CLANG_ENABLE_OBJC_ARC = YES;
				CLANG_ENABLE_OBJC_WEAK = YES;
				CLANG_WARN_BLOCK_CAPTURE_AUTORELEASING = YES;
				CLANG_WARN_BOOL_CONVERSION = YES;
				CLANG_WARN_COMMA = YES;
				CLANG_WARN_CONSTANT_CONVERSION = YES;
				CLANG_WARN_DEPRECATED_OBJC_IMPLEMENTATIONS = YES;
				CLANG_WARN_DIRECT_OBJC_ISA_USAGE = YES_ERROR;
				CLANG_WARN_DOCUMENTATION_COMMENTS = YES;
				CLANG_WARN_EMPTY_BODY = YES;
				CLANG_WARN_ENUM_CONVERSION = YES;
				CLANG_WARN_INFINITE_RECURSION = YES;
				CLANG_WARN_INT_CONVERSION = YES;
				CLANG_WARN_NON_LITERAL_NULL_CONVERSION = YES;
				CLANG_WARN_OBJC_IMPLICIT_RETAIN_SELF = YES;
				CLANG_WARN_OBJC_LITERAL_CONVERSION = YES;
				CLANG_WARN_OBJC_ROOT_CLASS = YES_ERROR;
				CLANG_WARN_QUOTED_INCLUDE_IN_FRAMEWORK_HEADER = YES;
				CLANG_WARN_RANGE_LOOP_ANALYSIS = YES;
				CLANG_WARN_STRICT_PROTOTYPES = YES;
				CLANG_WARN_SUSPICIOUS_MOVE = YES;
				CLANG_WARN_UNGUARDED_AVAILABILITY = YES_AGGRESSIVE;
				CLANG_WARN_UNREACHABLE_CODE = YES;
				CLANG_WARN__DUPLICATE_METHOD_MATCH = YES;
				COPY_PHASE_STRIP = NO;
				DEBUG_INFORMATION_FORMAT = "dwarf-with-dsym";
				ENABLE_NS_ASSERTIONS = NO;
				ENABLE_STRICT_OBJC_MSGSEND = YES;
				GCC_C_LANGUAGE_STANDARD = gnu11;
				GCC_NO_COMMON_BLOCKS = YES;
				GCC_WARN_64_TO_32_BIT_CONVERSION = YES;
				GCC_WARN_ABOUT_RETURN_TYPE = YES_ERROR;
				GCC_WARN_UNDECLARED_SELECTOR = YES;
				GCC_WARN_UNINITIALIZED_AUTOS = YES_AGGRESSIVE;
				GCC_WARN_UNUSED_FUNCTION = YES;
				GCC_WARN_UNUSED_VARIABLE = YES;
				IPHONEOS_DEPLOYMENT_TARGET = 16.2;
				MTL_ENABLE_DEBUG_INFO = NO;
				MTL_FAST_MATH = YES;
				SDKROOT = iphoneos;
				SWIFT_COMPILATION_MODE = wholemodule;
				SWIFT_OPTIMIZATION_LEVEL = "-O";
				VALIDATE_PRODUCT = YES;
			};
			name = Release;
		};
		AA19A51329D7B48300072594 /* Debug */ = {
			isa = XCBuildConfiguration;
			buildSettings = {
				ASSETCATALOG_COMPILER_APPICON_NAME = AppIcon;
				ASSETCATALOG_COMPILER_GLOBAL_ACCENT_COLOR_NAME = AccentColor;
				CODE_SIGN_STYLE = Automatic;
				CURRENT_PROJECT_VERSION = 1;
				DEVELOPMENT_ASSET_PATHS = "\"MVVMTutorial2/Preview Content\"";
				DEVELOPMENT_TEAM = 2BKH79SZSM;
				ENABLE_PREVIEWS = YES;
				GENERATE_INFOPLIST_FILE = YES;
				INFOPLIST_KEY_UIApplicationSceneManifest_Generation = YES;
				INFOPLIST_KEY_UIApplicationSupportsIndirectInputEvents = YES;
				INFOPLIST_KEY_UILaunchScreen_Generation = YES;
				INFOPLIST_KEY_UISupportedInterfaceOrientations_iPad = "UIInterfaceOrientationPortrait UIInterfaceOrientationPortraitUpsideDown UIInterfaceOrientationLandscapeLeft UIInterfaceOrientationLandscapeRight";
				INFOPLIST_KEY_UISupportedInterfaceOrientations_iPhone = "UIInterfaceOrientationPortrait UIInterfaceOrientationLandscapeLeft UIInterfaceOrientationLandscapeRight";
				LD_RUNPATH_SEARCH_PATHS = (
					"$(inherited)",
					"@executable_path/Frameworks",
				);
				MARKETING_VERSION = 1.0;
				PRODUCT_BUNDLE_IDENTIFIER = X.MVVMTutorial2;
				PRODUCT_NAME = "$(TARGET_NAME)";
				SWIFT_EMIT_LOC_STRINGS = YES;
				SWIFT_VERSION = 5.0;
				TARGETED_DEVICE_FAMILY = "1,2";
			};
			name = Debug;
		};
		AA19A51429D7B48300072594 /* Release */ = {
			isa = XCBuildConfiguration;
			buildSettings = {
				ASSETCATALOG_COMPILER_APPICON_NAME = AppIcon;
				ASSETCATALOG_COMPILER_GLOBAL_ACCENT_COLOR_NAME = AccentColor;
				CODE_SIGN_STYLE = Automatic;
				CURRENT_PROJECT_VERSION = 1;
				DEVELOPMENT_ASSET_PATHS = "\"MVVMTutorial2/Preview Content\"";
				DEVELOPMENT_TEAM = 2BKH79SZSM;
				ENABLE_PREVIEWS = YES;
				GENERATE_INFOPLIST_FILE = YES;
				INFOPLIST_KEY_UIApplicationSceneManifest_Generation = YES;
				INFOPLIST_KEY_UIApplicationSupportsIndirectInputEvents = YES;
				INFOPLIST_KEY_UILaunchScreen_Generation = YES;
				INFOPLIST_KEY_UISupportedInterfaceOrientations_iPad = "UIInterfaceOrientationPortrait UIInterfaceOrientationPortraitUpsideDown UIInterfaceOrientationLandscapeLeft UIInterfaceOrientationLandscapeRight";
				INFOPLIST_KEY_UISupportedInterfaceOrientations_iPhone = "UIInterfaceOrientationPortrait UIInterfaceOrientationLandscapeLeft UIInterfaceOrientationLandscapeRight";
				LD_RUNPATH_SEARCH_PATHS = (
					"$(inherited)",
					"@executable_path/Frameworks",
				);
				MARKETING_VERSION = 1.0;
				PRODUCT_BUNDLE_IDENTIFIER = X.MVVMTutorial2;
				PRODUCT_NAME = "$(TARGET_NAME)";
				SWIFT_EMIT_LOC_STRINGS = YES;
				SWIFT_VERSION = 5.0;
				TARGETED_DEVICE_FAMILY = "1,2";
			};
			name = Release;
		};
		AA19A51629D7B48300072594 /* Debug */ = {
			isa = XCBuildConfiguration;
			buildSettings = {
				ALWAYS_EMBED_SWIFT_STANDARD_LIBRARIES = YES;
				BUNDLE_LOADER = "$(TEST_HOST)";
				CODE_SIGN_STYLE = Automatic;
				CURRENT_PROJECT_VERSION = 1;
				DEVELOPMENT_TEAM = 2BKH79SZSM;
				GENERATE_INFOPLIST_FILE = YES;
				IPHONEOS_DEPLOYMENT_TARGET = 16.2;
				MARKETING_VERSION = 1.0;
				PRODUCT_BUNDLE_IDENTIFIER = X.MVVMTutorial2Tests;
				PRODUCT_NAME = "$(TARGET_NAME)";
				SWIFT_EMIT_LOC_STRINGS = NO;
				SWIFT_VERSION = 5.0;
				TARGETED_DEVICE_FAMILY = "1,2";
				TEST_HOST = "$(BUILT_PRODUCTS_DIR)/MVVMTutorial2.app/$(BUNDLE_EXECUTABLE_FOLDER_PATH)/MVVMTutorial2";
			};
			name = Debug;
		};
		AA19A51729D7B48300072594 /* Release */ = {
			isa = XCBuildConfiguration;
			buildSettings = {
				ALWAYS_EMBED_SWIFT_STANDARD_LIBRARIES = YES;
				BUNDLE_LOADER = "$(TEST_HOST)";
				CODE_SIGN_STYLE = Automatic;
				CURRENT_PROJECT_VERSION = 1;
				DEVELOPMENT_TEAM = 2BKH79SZSM;
				GENERATE_INFOPLIST_FILE = YES;
				IPHONEOS_DEPLOYMENT_TARGET = 16.2;
				MARKETING_VERSION = 1.0;
				PRODUCT_BUNDLE_IDENTIFIER = X.MVVMTutorial2Tests;
				PRODUCT_NAME = "$(TARGET_NAME)";
				SWIFT_EMIT_LOC_STRINGS = NO;
				SWIFT_VERSION = 5.0;
				TARGETED_DEVICE_FAMILY = "1,2";
				TEST_HOST = "$(BUILT_PRODUCTS_DIR)/MVVMTutorial2.app/$(BUNDLE_EXECUTABLE_FOLDER_PATH)/MVVMTutorial2";
			};
			name = Release;
		};
		AA19A51929D7B48300072594 /* Debug */ = {
			isa = XCBuildConfiguration;
			buildSettings = {
				ALWAYS_EMBED_SWIFT_STANDARD_LIBRARIES = YES;
				CODE_SIGN_STYLE = Automatic;
				CURRENT_PROJECT_VERSION = 1;
				DEVELOPMENT_TEAM = 2BKH79SZSM;
				GENERATE_INFOPLIST_FILE = YES;
				MARKETING_VERSION = 1.0;
				PRODUCT_BUNDLE_IDENTIFIER = X.MVVMTutorial2UITests;
				PRODUCT_NAME = "$(TARGET_NAME)";
				SWIFT_EMIT_LOC_STRINGS = NO;
				SWIFT_VERSION = 5.0;
				TARGETED_DEVICE_FAMILY = "1,2";
				TEST_TARGET_NAME = MVVMTutorial2;
			};
			name = Debug;
		};
		AA19A51A29D7B48300072594 /* Release */ = {
			isa = XCBuildConfiguration;
			buildSettings = {
				ALWAYS_EMBED_SWIFT_STANDARD_LIBRARIES = YES;
				CODE_SIGN_STYLE = Automatic;
				CURRENT_PROJECT_VERSION = 1;
				DEVELOPMENT_TEAM = 2BKH79SZSM;
				GENERATE_INFOPLIST_FILE = YES;
				MARKETING_VERSION = 1.0;
				PRODUCT_BUNDLE_IDENTIFIER = X.MVVMTutorial2UITests;
				PRODUCT_NAME = "$(TARGET_NAME)";
				SWIFT_EMIT_LOC_STRINGS = NO;
				SWIFT_VERSION = 5.0;
				TARGETED_DEVICE_FAMILY = "1,2";
				TEST_TARGET_NAME = MVVMTutorial2;
			};
			name = Release;
		};
/* End XCBuildConfiguration section */

/* Begin XCConfigurationList section */
		AA19A4E929D7B48200072594 /* Build configuration list for PBXProject "MVVMTutorial2" */ = {
			isa = XCConfigurationList;
			buildConfigurations = (
				AA19A51029D7B48300072594 /* Debug */,
				AA19A51129D7B48300072594 /* Release */,
			);
			defaultConfigurationIsVisible = 0;
			defaultConfigurationName = Release;
		};
		AA19A51229D7B48300072594 /* Build configuration list for PBXNativeTarget "MVVMTutorial2" */ = {
			isa = XCConfigurationList;
			buildConfigurations = (
				AA19A51329D7B48300072594 /* Debug */,
				AA19A51429D7B48300072594 /* Release */,
			);
			defaultConfigurationIsVisible = 0;
			defaultConfigurationName = Release;
		};
		AA19A51529D7B48300072594 /* Build configuration list for PBXNativeTarget "MVVMTutorial2Tests" */ = {
			isa = XCConfigurationList;
			buildConfigurations = (
				AA19A51629D7B48300072594 /* Debug */,
				AA19A51729D7B48300072594 /* Release */,
			);
			defaultConfigurationIsVisible = 0;
			defaultConfigurationName = Release;
		};
		AA19A51829D7B48300072594 /* Build configuration list for PBXNativeTarget "MVVMTutorial2UITests" */ = {
			isa = XCConfigurationList;
			buildConfigurations = (
				AA19A51929D7B48300072594 /* Debug */,
				AA19A51A29D7B48300072594 /* Release */,
			);
			defaultConfigurationIsVisible = 0;
			defaultConfigurationName = Release;
		};
/* End XCConfigurationList section */
	};
	rootObject = AA19A4E629D7B48200072594 /* Project object */;
}
